<?xml version="1.0" encoding="utf-8"?>
<Project ToolsVersion="4.0" xmlns="http://schemas.microsoft.com/developer/msbuild/2003">
  <ItemGroup>
    <Filter Include="Source Files">
      <UniqueIdentifier>{4FC737F1-C7A5-4376-A066-2A32D752A2FF}</UniqueIdentifier>
      <Extensions>cpp;c;cc;cxx;def;odl;idl;hpj;bat;asm;asmx</Extensions>
    </Filter>
    <Filter Include="Header Files">
      <UniqueIdentifier>{93995380-89BD-4b04-88EB-625FBE52EBFB}</UniqueIdentifier>
      <Extensions>h;hpp;hxx;hm;inl;inc;xsd</Extensions>
    </Filter>
    <Filter Include="Resource Files">
      <UniqueIdentifier>{67DA6AB6-F800-4c08-8B7A-83BB121AAD01}</UniqueIdentifier>
      <Extensions>rc;ico;cur;bmp;dlg;rc2;rct;bin;rgs;gif;jpg;jpeg;jpe;resx;tiff;tif;png;wav;mfcribbon-ms</Extensions>
    </Filter>
    <Filter Include="Window">
      <UniqueIdentifier>{ec1bf3a5-8d61-41da-8ef5-06fc869dffcd}</UniqueIdentifier>
    </Filter>
    <Filter Include="Game">
      <UniqueIdentifier>{e7ccc5a3-8a75-42ea-8fbf-92ff0725830f}</UniqueIdentifier>
    </Filter>
    <Filter Include="Effects">
      <UniqueIdentifier>{ba2d28ef-5869-4e73-b6c6-3cc56867496b}</UniqueIdentifier>
    </Filter>
    <Filter Include="Timer">
      <UniqueIdentifier>{cd29cef0-c57e-4ae0-bfed-6279fcdefc45}</UniqueIdentifier>
    </Filter>
    <Filter Include="Components">
      <UniqueIdentifier>{12fcc38a-d42f-45f4-9e7f-86248f42e97f}</UniqueIdentifier>
    </Filter>
    <Filter Include="Model">
      <UniqueIdentifier>{e30ae819-3734-4f21-ba9a-7daa0510b398}</UniqueIdentifier>
    </Filter>
    <Filter Include="Input">
      <UniqueIdentifier>{6144b435-887c-41ed-8a2a-bb34e6a68c34}</UniqueIdentifier>
    </Filter>
    <Filter Include="Scripting">
      <UniqueIdentifier>{aeed588e-1eea-4689-9b2a-bb3359c7fe67}</UniqueIdentifier>
    </Filter>
    <Filter Include="Components\Lights">
      <UniqueIdentifier>{9ed38a39-cd91-4cd1-a0be-ce9a9fc88c2f}</UniqueIdentifier>
    </Filter>
    <Filter Include="Components\Material">
      <UniqueIdentifier>{fdcd1ace-41a6-4b9b-a924-e3adeb5e886a}</UniqueIdentifier>
    </Filter>
    <Filter Include="Components\Geometry">
      <UniqueIdentifier>{2cd1f666-9ca7-4b34-8e68-75af83dce049}</UniqueIdentifier>
    </Filter>
    <Filter Include="Components\Camera">
      <UniqueIdentifier>{04c31a65-dfe5-4bbb-9678-f1fa5f74b35e}</UniqueIdentifier>
    </Filter>
  </ItemGroup>
  <ItemGroup>
    <ClCompile Include="main.cpp">
      <Filter>Source Files</Filter>
    </ClCompile>
    <ClCompile Include="Win32Window.cpp">
      <Filter>Window</Filter>
    </ClCompile>
    <ClCompile Include="GameApplication.cpp">
      <Filter>Game</Filter>
    </ClCompile>
    <ClCompile Include="Timer.cpp">
      <Filter>Timer</Filter>
    </ClCompile>
    <ClCompile Include="GameObject.cpp">
      <Filter>Game</Filter>
    </ClCompile>
    <ClCompile Include="GameObjectManager.cpp">
      <Filter>Game</Filter>
    </ClCompile>
    <ClCompile Include="ModelLoader.cpp">
      <Filter>Model</Filter>
    </ClCompile>
    <ClCompile Include="Input.cpp">
      <Filter>Input</Filter>
    </ClCompile>
    <ClCompile Include="Keyboard.cpp">
      <Filter>Input</Filter>
    </ClCompile>
    <ClCompile Include="Mouse.cpp">
      <Filter>Input</Filter>
    </ClCompile>
    <ClCompile Include="Joypad.cpp">
      <Filter>Input</Filter>
    </ClCompile>
    <ClCompile Include="MaterialComponent.cpp">
      <Filter>Components\Material</Filter>
    </ClCompile>
    <ClCompile Include="CameraComponent.cpp">
      <Filter>Components\Camera</Filter>
    </ClCompile>
    <ClCompile Include="LightComponent.cpp">
      <Filter>Components\Lights</Filter>
    </ClCompile>
    <ClCompile Include="DirectionalLightComponent.cpp">
      <Filter>Components\Lights</Filter>
    </ClCompile>
    <ClCompile Include="Geometry.cpp">
      <Filter>Components\Geometry</Filter>
    </ClCompile>
    <ClCompile Include="MeshComponent.cpp">
      <Filter>Components\Geometry</Filter>
    </ClCompile>
  </ItemGroup>
  <ItemGroup>
    <ClInclude Include="Win32Window.h">
      <Filter>Window</Filter>
    </ClInclude>
    <ClInclude Include="GameApplication.h">
      <Filter>Game</Filter>
    </ClInclude>
    <ClInclude Include="Timer.h">
      <Filter>Timer</Filter>
    </ClInclude>
    <ClInclude Include="IComponent.h">
      <Filter>Components</Filter>
    </ClInclude>
    <ClInclude Include="TransformComponent.h">
      <Filter>Components</Filter>
    </ClInclude>
    <ClInclude Include="GameObject.h">
      <Filter>Game</Filter>
    </ClInclude>
    <ClInclude Include="Vertex.h">
      <Filter>Header Files</Filter>
    </ClInclude>
    <ClInclude Include="GameObjectManager.h">
      <Filter>Game</Filter>
    </ClInclude>
    <ClInclude Include="ModelLoader.h">
      <Filter>Model</Filter>
    </ClInclude>
    <ClInclude Include="Input.h">
      <Filter>Input</Filter>
    </ClInclude>
    <ClInclude Include="Keyboard.h">
      <Filter>Input</Filter>
    </ClInclude>
    <ClInclude Include="Mouse.h">
      <Filter>Input</Filter>
    </ClInclude>
    <ClInclude Include="Joypad.h">
      <Filter>Input</Filter>
    </ClInclude>
    <ClInclude Include="MaterialComponent.h">
      <Filter>Components\Material</Filter>
    </ClInclude>
    <ClInclude Include="CameraComponent.h">
      <Filter>Components\Camera</Filter>
    </ClInclude>
    <ClInclude Include="DefaultEffect.h">
      <Filter>Components\Material</Filter>
    </ClInclude>
    <ClInclude Include="LightComponent.h">
      <Filter>Components\Lights</Filter>
    </ClInclude>
    <ClInclude Include="DirectionLightComponent.h">
      <Filter>Components\Lights</Filter>
    </ClInclude>
    <ClInclude Include="MeshComponent.h">
      <Filter>Components\Geometry</Filter>
    </ClInclude>
    <ClInclude Include="Geometry.h">
      <Filter>Components\Geometry</Filter>
    </ClInclude>
    <ClInclude Include="fbxsdk.h">
      <Filter>Header Files</Filter>
    </ClInclude>
  </ItemGroup>
  <ItemGroup>
    <None Include="ScreenSpace.fx">
      <Filter>Effects</Filter>
    </None>
    <None Include="Transform.fx">
      <Filter>Effects</Filter>
    </None>
    <None Include="Texture.fx">
      <Filter>Effects</Filter>
    </None>
    <None Include="Specular.fx">
      <Filter>Effects</Filter>
    </None>
    <None Include="diffuse.fx">
      <Filter>Effects</Filter>
    </None>
    <None Include="ambient.fx">
      <Filter>Effects</Filter>
    </None>
    <None Include="DirectionalLight.fx">
      <Filter>Effects</Filter>
    </None>
    <None Include="Bumpmapping.fx">
      <Filter>Effects</Filter>
    </None>
    <None Include="Parallax.fx">
      <Filter>Effects</Filter>
    </None>
    <None Include="Environment.fx">
      <Filter>Effects</Filter>
    </None>
    <None Include="wood.fx">
      <Filter>Effects</Filter>
    </None>
    <None Include="shadowSpot.fx">
      <Filter>Effects</Filter>
    </None>
    <None Include="shadow_PCSS.fx">
      <Filter>Effects</Filter>
    </None>
    <None Include="Post_glow.fx">
      <Filter>Effects</Filter>
    </None>
    <None Include="transparency.fx">
      <Filter>Effects</Filter>
    </None>
  </ItemGroup>
</Project>