<?xml version="1.0" encoding="utf-8"?>
<Project ToolsVersion="4.0" xmlns="http://schemas.microsoft.com/developer/msbuild/2003">
  <ItemGroup>
    <Filter Include="Source Files">
      <UniqueIdentifier>{4FC737F1-C7A5-4376-A066-2A32D752A2FF}</UniqueIdentifier>
      <Extensions>cpp;c;cc;cxx;def;odl;idl;hpj;bat;asm;asmx</Extensions>
    </Filter>
    <Filter Include="Header Files">
      <UniqueIdentifier>{93995380-89BD-4b04-88EB-625FBE52EBFB}</UniqueIdentifier>
      <Extensions>h;hpp;hxx;hm;inl;inc;xsd</Extensions>
    </Filter>
    <Filter Include="Resource Files">
      <UniqueIdentifier>{67DA6AB6-F800-4c08-8B7A-83BB121AAD01}</UniqueIdentifier>
      <Extensions>rc;ico;cur;bmp;dlg;rc2;rct;bin;rgs;gif;jpg;jpeg;jpe;resx;tiff;tif;png;wav;mfcribbon-ms</Extensions>
    </Filter>
    <Filter Include="Window">
      <UniqueIdentifier>{ec1bf3a5-8d61-41da-8ef5-06fc869dffcd}</UniqueIdentifier>
    </Filter>
    <Filter Include="Game">
      <UniqueIdentifier>{6372bba7-c9e3-46e8-8d5f-15bd5c6c2f57}</UniqueIdentifier>
    </Filter>
    <Filter Include="Effects">
      <UniqueIdentifier>{e7e0afe1-4082-46ca-bf80-1af47b3ae17f}</UniqueIdentifier>
    </Filter>
    <Filter Include="Audio">
      <UniqueIdentifier>{dcf5ac4c-7f01-420f-b9ad-e8966a19b6f5}</UniqueIdentifier>
    </Filter>
    <Filter Include="GUI">
      <UniqueIdentifier>{2177bcaf-bd87-4018-98fe-81c1566bc275}</UniqueIdentifier>
    </Filter>
    <Filter Include="GUIScripts">
      <UniqueIdentifier>{8f6b8404-a0aa-49c6-a281-9381f6359118}</UniqueIdentifier>
    </Filter>
    <Filter Include="Physics">
      <UniqueIdentifier>{e81d6062-0377-44a2-9e36-0148e297b308}</UniqueIdentifier>
    </Filter>
    <Filter Include="Components">
      <UniqueIdentifier>{4c4edef8-eb30-4568-94f9-58710cd1b55a}</UniqueIdentifier>
    </Filter>
    <Filter Include="Components\Physics">
      <UniqueIdentifier>{8f313099-80e1-4c50-af3b-638247e34c68}</UniqueIdentifier>
    </Filter>
  </ItemGroup>
  <ItemGroup>
    <ClCompile Include="Audio.cpp">
      <Filter>Audio</Filter>
    </ClCompile>
    <ClCompile Include="DirectionalLightComponent.cpp">
      <Filter>Source Files</Filter>
    </ClCompile>
    <ClCompile Include="GameObject.cpp">
      <Filter>Source Files</Filter>
    </ClCompile>
    <ClCompile Include="GameObjectManager.cpp">
      <Filter>Source Files</Filter>
    </ClCompile>
    <ClCompile Include="Geometry.cpp">
      <Filter>Source Files</Filter>
    </ClCompile>
    <ClCompile Include="LightComponent.cpp">
      <Filter>Source Files</Filter>
    </ClCompile>
    <ClCompile Include="MeshComponent.cpp">
      <Filter>Source Files</Filter>
    </ClCompile>
    <ClCompile Include="ModelLoader.cpp">
      <Filter>Source Files</Filter>
    </ClCompile>
    <ClCompile Include="SoundClass.cpp">
      <Filter>Source Files</Filter>
    </ClCompile>
    <ClCompile Include="Timer.cpp">
      <Filter>Source Files</Filter>
    </ClCompile>
    <ClCompile Include="Win32Window.cpp">
      <Filter>Window</Filter>
    </ClCompile>
    <ClCompile Include="main.cpp">
      <Filter>Game</Filter>
    </ClCompile>
    <ClCompile Include="Input.cpp">
      <Filter>Source Files</Filter>
    </ClCompile>
    <ClCompile Include="Joypad.cpp">
      <Filter>Source Files</Filter>
    </ClCompile>
    <ClCompile Include="Keyboard.cpp">
      <Filter>Source Files</Filter>
    </ClCompile>
    <ClCompile Include="Mouse.cpp">
      <Filter>Source Files</Filter>
    </ClCompile>
    <ClCompile Include="GameApplication.cpp">
      <Filter>Game</Filter>
    </ClCompile>
    <ClCompile Include="GameTimer.cpp">
      <Filter>Source Files</Filter>
    </ClCompile>
    <ClCompile Include="GUIManager.cpp">
      <Filter>GUI</Filter>
    </ClCompile>
    <ClCompile Include="GUISystemInterface.cpp">
      <Filter>GUI</Filter>
    </ClCompile>
    <ClCompile Include="RenderInterfaceDirectx10.cpp">
      <Filter>GUI</Filter>
    </ClCompile>
    <ClCompile Include="Physics.cpp">
      <Filter>Physics</Filter>
    </ClCompile>
    <ClCompile Include="CameraComponent.cpp">
      <Filter>Components</Filter>
    </ClCompile>
    <ClCompile Include="GeometryComponent.cpp">
      <Filter>Components</Filter>
    </ClCompile>
    <ClCompile Include="MaterialComponent.cpp">
      <Filter>Components</Filter>
    </ClCompile>
    <ClCompile Include="BaseCollider.cpp">
      <Filter>Components\Physics</Filter>
    </ClCompile>
    <ClCompile Include="BodyComponent.cpp">
      <Filter>Components\Physics</Filter>
    </ClCompile>
    <ClCompile Include="BoxCollider.cpp">
      <Filter>Components\Physics</Filter>
    </ClCompile>
    <ClCompile Include="CapsuleCollider.cpp">
      <Filter>Components\Physics</Filter>
    </ClCompile>
    <ClCompile Include="MeshCollider.cpp">
      <Filter>Components\Physics</Filter>
    </ClCompile>
    <ClCompile Include="SphereCollider.cpp">
      <Filter>Components\Physics</Filter>
    </ClCompile>
  </ItemGroup>
  <ItemGroup>
    <ClInclude Include="Audio.h">
      <Filter>Audio</Filter>
    </ClInclude>
    <ClInclude Include="DirectionLightComponent.h">
      <Filter>Header Files</Filter>
    </ClInclude>
    <ClInclude Include="GameObject.h">
      <Filter>Header Files</Filter>
    </ClInclude>
    <ClInclude Include="GameObjectManager.h">
      <Filter>Header Files</Filter>
    </ClInclude>
    <ClInclude Include="Geometry.h">
      <Filter>Header Files</Filter>
    </ClInclude>
    <ClInclude Include="LightComponent.h">
      <Filter>Header Files</Filter>
    </ClInclude>
    <ClInclude Include="MeshComponent.h">
      <Filter>Header Files</Filter>
    </ClInclude>
    <ClInclude Include="ModelLoader.h">
      <Filter>Header Files</Filter>
    </ClInclude>
    <ClInclude Include="SoundClass.h">
      <Filter>Header Files</Filter>
    </ClInclude>
    <ClInclude Include="Timer.h">
      <Filter>Header Files</Filter>
    </ClInclude>
    <ClInclude Include="Vertex.h">
      <Filter>Header Files</Filter>
    </ClInclude>
    <ClInclude Include="Win32Window.h">
      <Filter>Window</Filter>
    </ClInclude>
    <ClInclude Include="GameApplication.h">
      <Filter>Game</Filter>
    </ClInclude>
    <ClInclude Include="Input.h">
      <Filter>Header Files</Filter>
    </ClInclude>
    <ClInclude Include="Joypad.h">
      <Filter>Header Files</Filter>
    </ClInclude>
    <ClInclude Include="Keyboard.h">
      <Filter>Header Files</Filter>
    </ClInclude>
    <ClInclude Include="Mouse.h">
      <Filter>Header Files</Filter>
    </ClInclude>
    <ClInclude Include="GameTimer.h">
      <Filter>Header Files</Filter>
    </ClInclude>
    <ClInclude Include="D3D10Effect.h">
      <Filter>GUI</Filter>
    </ClInclude>
    <ClInclude Include="GUIManager.h">
      <Filter>GUI</Filter>
    </ClInclude>
    <ClInclude Include="GUISystemInterface.h">
      <Filter>GUI</Filter>
    </ClInclude>
    <ClInclude Include="RenderInterfaceDirectx10.h">
      <Filter>GUI</Filter>
    </ClInclude>
    <ClInclude Include="Physics.h">
      <Filter>Physics</Filter>
    </ClInclude>
    <ClInclude Include="CameraComponent.h">
      <Filter>Components</Filter>
    </ClInclude>
    <ClInclude Include="DefaultEffect.h">
      <Filter>Components</Filter>
    </ClInclude>
    <ClInclude Include="GeometryComponent.h">
      <Filter>Components</Filter>
    </ClInclude>
    <ClInclude Include="IComponent.h">
      <Filter>Components</Filter>
    </ClInclude>
    <ClInclude Include="MaterialComponent.h">
      <Filter>Components</Filter>
    </ClInclude>
    <ClInclude Include="TransformComponent.h">
      <Filter>Components</Filter>
    </ClInclude>
    <ClInclude Include="BaseCollider.h">
      <Filter>Components\Physics</Filter>
    </ClInclude>
    <ClInclude Include="BodyComponent.h">
      <Filter>Components\Physics</Filter>
    </ClInclude>
    <ClInclude Include="BoxCollider.h">
      <Filter>Components\Physics</Filter>
    </ClInclude>
    <ClInclude Include="CapsuleCollider.h">
      <Filter>Components\Physics</Filter>
    </ClInclude>
    <ClInclude Include="MeshCollider.h">
      <Filter>Components\Physics</Filter>
    </ClInclude>
    <ClInclude Include="SphereCollider.h">
      <Filter>Components\Physics</Filter>
    </ClInclude>
  </ItemGroup>
  <ItemGroup>
    <None Include="ambient.fx">
      <Filter>Effects</Filter>
    </None>
    <None Include="Bumpmapping.fx">
      <Filter>Effects</Filter>
    </None>
    <None Include="diffuse.fx">
      <Filter>Effects</Filter>
    </None>
    <None Include="DirectionalLight.fx">
      <Filter>Effects</Filter>
    </None>
    <None Include="Environment.fx">
      <Filter>Effects</Filter>
    </None>
    <None Include="Parallax.fx">
      <Filter>Effects</Filter>
    </None>
    <None Include="ScreenSpace.fx">
      <Filter>Effects</Filter>
    </None>
    <None Include="Specular.fx">
      <Filter>Effects</Filter>
    </None>
    <None Include="Texture.fx">
      <Filter>Effects</Filter>
    </None>
    <None Include="Transform.fx">
      <Filter>Effects</Filter>
    </None>
    <None Include="cursor.rml">
      <Filter>GUIScripts</Filter>
    </None>
    <None Include="window.rml">
      <Filter>GUIScripts</Filter>
    </None>
    <None Include="demo.rml">
      <Filter>GUIScripts</Filter>
    </None>
    <None Include="invader.rcss">
      <Filter>GUIScripts</Filter>
    </None>
    <None Include="rkt.rcss">
      <Filter>GUIScripts</Filter>
    </None>
  </ItemGroup>
</Project>